{
  "requires": true,
  "lockfileVersion": 1,
  "dependencies": {
    "autocompleter": {
      "version": "6.1.2",
      "resolved": "https://registry.npmjs.org/autocompleter/-/autocompleter-6.1.2.tgz",
      "integrity": "sha512-DfEcgxBJOTJJwxkIRZLv/ggD3g5w/fqzZkdJsOcgk7hjxw36lH/nAfIEXzV7qDE55swnYEe43E/WhZPXmSFfsA=="
    }
  }
}
